
Microsoft Visual Studio Solution File, Format Version 12.00
# Visual Studio Version 17
VisualStudioVersion = 17.14.36401.2 d17.14
MinimumVisualStudioVersion = 10.0.40219.1
Project("{FAE04EC0-301F-11D3-BF4B-00C04F79EFBC}") = "GateWayService", "GateWayService\GateWayService.csproj", "{7685A964-CFE1-4228-9CE7-9F718AD831F7}"
EndProject
Global
	GlobalSection(SolutionConfigurationPlatforms) = preSolution
		Debug|Any CPU = Debug|Any CPU
		Release|Any CPU = Release|Any CPU
	EndGlobalSection
	GlobalSection(ProjectConfigurationPlatforms) = postSolution
		{7685A964-CFE1-4228-9CE7-9F718AD831F7}.Debug|Any CPU.ActiveCfg = Debug|Any CPU
		{7685A964-CFE1-4228-9CE7-9F718AD831F7}.Debug|Any CPU.Build.0 = Debug|Any CPU
		{7685A964-CFE1-4228-9CE7-9F718AD831F7}.Release|Any CPU.ActiveCfg = Release|Any CPU
		{7685A964-CFE1-4228-9CE7-9F718AD831F7}.Release|Any CPU.Build.0 = Release|Any CPU
	EndGlobalSection
	GlobalSection(SolutionProperties) = preSolution
		HideSolutionNode = FALSE
	EndGlobalSection
	GlobalSection(ExtensibilityGlobals) = postSolution
		SolutionGuid = {EACB9DE3-AB9D-4D06-837D-B24370DE9802}
	EndGlobalSection
EndGlobal
